# THIS IS AN AUTOGENERATED FILE. DO NOT EDIT THIS FILE DIRECTLY.
# yarn lockfile v1


highcharts@^8.2.2:
  version "8.2.2"
  resolved "https://registry.yarnpkg.com/highcharts/-/highcharts-8.2.2.tgz#3eb1a694cff013d3385c3ca8e58e69a27be52cab"
  integrity sha512-F63TXO7RxsvTcpO/KOubQZWualYpCMyCTuKtoWbt7KCsfQ3Kl7Fr6HEyyJdjkYl+XlnmnKlSRi9d3HjLK9Q0wg==
